// !$*UTF8*$!
{
	archiveVersion = 1;
	classes = {
	};
	objectVersion = 51;
	objects = {

/* Begin PBXBuildFile section */
		A385096592A9B49F2629462E /* Pods_Flashcards.framework in Frameworks */ = {isa = PBXBuildFile; fileRef = B8514568F40618700AF26828 /* Pods_Flashcards.framework */; };
		E285375824F7D71F00EC87FF /* README.md in Resources */ = {isa = PBXBuildFile; fileRef = E285375724F7D71F00EC87FF /* README.md */; };
		E2B6B9AC24F692F800DE0A1E /* Category.swift in Sources */ = {isa = PBXBuildFile; fileRef = E2B6B9AB24F692F800DE0A1E /* Category.swift */; };
		E2B6B9B224F693B900DE0A1E /* Flashcard.swift in Sources */ = {isa = PBXBuildFile; fileRef = E2B6B9B124F693B900DE0A1E /* Flashcard.swift */; };
		E2B6B9B724F69F0C00DE0A1E /* CategoryTableViewCell.swift in Sources */ = {isa = PBXBuildFile; fileRef = E2B6B9B524F69F0C00DE0A1E /* CategoryTableViewCell.swift */; };
		E2B6B9B824F69F0C00DE0A1E /* CategoryTableViewCell.xib in Resources */ = {isa = PBXBuildFile; fileRef = E2B6B9B624F69F0C00DE0A1E /* CategoryTableViewCell.xib */; };
		E2B6B9BF24F6C94700DE0A1E /* BalooTamma2-Bold.ttf in Resources */ = {isa = PBXBuildFile; fileRef = E2B6B9BE24F6C80500DE0A1E /* BalooTamma2-Bold.ttf */; };
		E2B6B9C024F6C94900DE0A1E /* BalooTamma2-ExtraBold.ttf in Resources */ = {isa = PBXBuildFile; fileRef = E2B6B9BA24F6C80400DE0A1E /* BalooTamma2-ExtraBold.ttf */; };
		E2B6B9C124F6C94A00DE0A1E /* BalooTamma2-Medium.ttf in Resources */ = {isa = PBXBuildFile; fileRef = E2B6B9BC24F6C80500DE0A1E /* BalooTamma2-Medium.ttf */; };
		E2B6B9C224F6C94B00DE0A1E /* BalooTamma2-Regular.ttf in Resources */ = {isa = PBXBuildFile; fileRef = E2B6B9BB24F6C80500DE0A1E /* BalooTamma2-Regular.ttf */; };
		E2B6B9C324F6C94D00DE0A1E /* BalooTamma2-SemiBold.ttf in Resources */ = {isa = PBXBuildFile; fileRef = E2B6B9BD24F6C80500DE0A1E /* BalooTamma2-SemiBold.ttf */; };
		E2DBCA9824F1470B0036C38D /* AppDelegate.swift in Sources */ = {isa = PBXBuildFile; fileRef = E2DBCA9724F1470B0036C38D /* AppDelegate.swift */; };
		E2DBCA9A24F1470B0036C38D /* SceneDelegate.swift in Sources */ = {isa = PBXBuildFile; fileRef = E2DBCA9924F1470B0036C38D /* SceneDelegate.swift */; };
		E2DBCA9F24F1470B0036C38D /* Main.storyboard in Resources */ = {isa = PBXBuildFile; fileRef = E2DBCA9D24F1470B0036C38D /* Main.storyboard */; };
		E2DBCAA424F1470D0036C38D /* Assets.xcassets in Resources */ = {isa = PBXBuildFile; fileRef = E2DBCAA324F1470D0036C38D /* Assets.xcassets */; };
		E2DBCAA724F1470D0036C38D /* LaunchScreen.storyboard in Resources */ = {isa = PBXBuildFile; fileRef = E2DBCAA524F1470D0036C38D /* LaunchScreen.storyboard */; };
		E2DBCAAF24F147EE0036C38D /* CategoryTableViewController.swift in Sources */ = {isa = PBXBuildFile; fileRef = E2DBCAAE24F147EE0036C38D /* CategoryTableViewController.swift */; };
		E2DBCAB224F14F670036C38D /* FlashcardsViewController.swift in Sources */ = {isa = PBXBuildFile; fileRef = E2DBCAB124F14F670036C38D /* FlashcardsViewController.swift */; };
/* End PBXBuildFile section */

/* Begin PBXFileReference section */
		203645B93C47B83A5D4F4FC0 /* Pods-Flashcards.release.xcconfig */ = {isa = PBXFileReference; includeInIndex = 1; lastKnownFileType = text.xcconfig; name = "Pods-Flashcards.release.xcconfig"; path = "Target Support Files/Pods-Flashcards/Pods-Flashcards.release.xcconfig"; sourceTree = "<group>"; };
		B8514568F40618700AF26828 /* Pods_Flashcards.framework */ = {isa = PBXFileReference; explicitFileType = wrapper.framework; includeInIndex = 0; path = Pods_Flashcards.framework; sourceTree = BUILT_PRODUCTS_DIR; };
		D4F2D6426B6161B13E0CE1C1 /* Pods-Flashcards.debug.xcconfig */ = {isa = PBXFileReference; includeInIndex = 1; lastKnownFileType = text.xcconfig; name = "Pods-Flashcards.debug.xcconfig"; path = "Target Support Files/Pods-Flashcards/Pods-Flashcards.debug.xcconfig"; sourceTree = "<group>"; };
		E285375724F7D71F00EC87FF /* README.md */ = {isa = PBXFileReference; fileEncoding = 4; lastKnownFileType = net.daringfireball.markdown; path = README.md; sourceTree = SOURCE_ROOT; };
		E2B6B9AB24F692F800DE0A1E /* Category.swift */ = {isa = PBXFileReference; lastKnownFileType = sourcecode.swift; path = Category.swift; sourceTree = "<group>"; };
		E2B6B9B124F693B900DE0A1E /* Flashcard.swift */ = {isa = PBXFileReference; lastKnownFileType = sourcecode.swift; path = Flashcard.swift; sourceTree = "<group>"; };
		E2B6B9B524F69F0C00DE0A1E /* CategoryTableViewCell.swift */ = {isa = PBXFileReference; lastKnownFileType = sourcecode.swift; path = CategoryTableViewCell.swift; sourceTree = "<group>"; };
		E2B6B9B624F69F0C00DE0A1E /* CategoryTableViewCell.xib */ = {isa = PBXFileReference; lastKnownFileType = file.xib; path = CategoryTableViewCell.xib; sourceTree = "<group>"; };
		E2B6B9BA24F6C80400DE0A1E /* BalooTamma2-ExtraBold.ttf */ = {isa = PBXFileReference; lastKnownFileType = file; path = "BalooTamma2-ExtraBold.ttf"; sourceTree = "<group>"; };
		E2B6B9BB24F6C80500DE0A1E /* BalooTamma2-Regular.ttf */ = {isa = PBXFileReference; lastKnownFileType = file; path = "BalooTamma2-Regular.ttf"; sourceTree = "<group>"; };
		E2B6B9BC24F6C80500DE0A1E /* BalooTamma2-Medium.ttf */ = {isa = PBXFileReference; lastKnownFileType = file; path = "BalooTamma2-Medium.ttf"; sourceTree = "<group>"; };
		E2B6B9BD24F6C80500DE0A1E /* BalooTamma2-SemiBold.ttf */ = {isa = PBXFileReference; lastKnownFileType = file; path = "BalooTamma2-SemiBold.ttf"; sourceTree = "<group>"; };
		E2B6B9BE24F6C80500DE0A1E /* BalooTamma2-Bold.ttf */ = {isa = PBXFileReference; lastKnownFileType = file; path = "BalooTamma2-Bold.ttf"; sourceTree = "<group>"; };
		E2DBCA9424F1470B0036C38D /* Flashcards.app */ = {isa = PBXFileReference; explicitFileType = wrapper.application; includeInIndex = 0; path = Flashcards.app; sourceTree = BUILT_PRODUCTS_DIR; };
		E2DBCA9724F1470B0036C38D /* AppDelegate.swift */ = {isa = PBXFileReference; lastKnownFileType = sourcecode.swift; path = AppDelegate.swift; sourceTree = "<group>"; };
		E2DBCA9924F1470B0036C38D /* SceneDelegate.swift */ = {isa = PBXFileReference; lastKnownFileType = sourcecode.swift; path = SceneDelegate.swift; sourceTree = "<group>"; };
		E2DBCA9E24F1470B0036C38D /* Base */ = {isa = PBXFileReference; lastKnownFileType = file.storyboard; name = Base; path = Base.lproj/Main.storyboard; sourceTree = "<group>"; };
		E2DBCAA324F1470D0036C38D /* Assets.xcassets */ = {isa = PBXFileReference; lastKnownFileType = folder.assetcatalog; path = Assets.xcassets; sourceTree = "<group>"; };
		E2DBCAA624F1470D0036C38D /* Base */ = {isa = PBXFileReference; lastKnownFileType = file.storyboard; name = Base; path = Base.lproj/LaunchScreen.storyboard; sourceTree = "<group>"; };
		E2DBCAA824F1470D0036C38D /* Info.plist */ = {isa = PBXFileReference; lastKnownFileType = text.plist.xml; path = Info.plist; sourceTree = "<group>"; };
		E2DBCAAE24F147EE0036C38D /* CategoryTableViewController.swift */ = {isa = PBXFileReference; lastKnownFileType = sourcecode.swift; path = CategoryTableViewController.swift; sourceTree = "<group>"; };
		E2DBCAB124F14F670036C38D /* FlashcardsViewController.swift */ = {isa = PBXFileReference; lastKnownFileType = sourcecode.swift; name = FlashcardsViewController.swift; path = Flashcards/FlashcardsViewController.swift; sourceTree = SOURCE_ROOT; };
/* End PBXFileReference section */

/* Begin PBXFrameworksBuildPhase section */
		E2DBCA9124F1470B0036C38D /* Frameworks */ = {
			isa = PBXFrameworksBuildPhase;
			buildActionMask = 2147483647;
			files = (
				A385096592A9B49F2629462E /* Pods_Flashcards.framework in Frameworks */,
			);
			runOnlyForDeploymentPostprocessing = 0;
		};
/* End PBXFrameworksBuildPhase section */

/* Begin PBXGroup section */
		3A66835F25DA797B60B53F83 /* Frameworks */ = {
			isa = PBXGroup;
			children = (
				B8514568F40618700AF26828 /* Pods_Flashcards.framework */,
			);
			name = Frameworks;
			sourceTree = "<group>";
		};
		CA8345D319CA7BC0CD60FF16 /* Pods */ = {
			isa = PBXGroup;
			children = (
				D4F2D6426B6161B13E0CE1C1 /* Pods-Flashcards.debug.xcconfig */,
				203645B93C47B83A5D4F4FC0 /* Pods-Flashcards.release.xcconfig */,
			);
			path = Pods;
			sourceTree = "<group>";
		};
		E2B6B9B324F6942100DE0A1E /* Models */ = {
			isa = PBXGroup;
			children = (
				E2B6B9AB24F692F800DE0A1E /* Category.swift */,
				E2B6B9B124F693B900DE0A1E /* Flashcard.swift */,
			);
			path = Models;
			sourceTree = "<group>";
		};
		E2B6B9B424F6942900DE0A1E /* Views */ = {
			isa = PBXGroup;
			children = (
				E2DBCAA524F1470D0036C38D /* LaunchScreen.storyboard */,
				E2DBCA9D24F1470B0036C38D /* Main.storyboard */,
				E2B6B9B624F69F0C00DE0A1E /* CategoryTableViewCell.xib */,
			);
			path = Views;
			sourceTree = "<group>";
		};
		E2B6B9B924F6C7D600DE0A1E /* assets and fonts */ = {
			isa = PBXGroup;
			children = (
				E2B6B9BE24F6C80500DE0A1E /* BalooTamma2-Bold.ttf */,
				E2B6B9BA24F6C80400DE0A1E /* BalooTamma2-ExtraBold.ttf */,
				E2B6B9BC24F6C80500DE0A1E /* BalooTamma2-Medium.ttf */,
				E2B6B9BB24F6C80500DE0A1E /* BalooTamma2-Regular.ttf */,
				E2B6B9BD24F6C80500DE0A1E /* BalooTamma2-SemiBold.ttf */,
				E2DBCAA324F1470D0036C38D /* Assets.xcassets */,
			);
			path = "assets and fonts";
			sourceTree = "<group>";
		};
		E2DBCA8B24F1470B0036C38D = {
			isa = PBXGroup;
			children = (
				E2DBCA9624F1470B0036C38D /* Flashcards */,
				E2DBCA9524F1470B0036C38D /* Products */,
				CA8345D319CA7BC0CD60FF16 /* Pods */,
				3A66835F25DA797B60B53F83 /* Frameworks */,
			);
			sourceTree = "<group>";
		};
		E2DBCA9524F1470B0036C38D /* Products */ = {
			isa = PBXGroup;
			children = (
				E2DBCA9424F1470B0036C38D /* Flashcards.app */,
			);
			name = Products;
			sourceTree = "<group>";
		};
		E2DBCA9624F1470B0036C38D /* Flashcards */ = {
			isa = PBXGroup;
			children = (
				E285375724F7D71F00EC87FF /* README.md */,
				E2DBCA9724F1470B0036C38D /* AppDelegate.swift */,
				E2DBCA9924F1470B0036C38D /* SceneDelegate.swift */,
				E2B6B9B424F6942900DE0A1E /* Views */,
				E2B6B9B324F6942100DE0A1E /* Models */,
				E2DBCAB024F147F10036C38D /* Controllers */,
				E2B6B9B924F6C7D600DE0A1E /* assets and fonts */,
				E2DBCAA824F1470D0036C38D /* Info.plist */,
			);
			path = Flashcards;
			sourceTree = "<group>";
		};
		E2DBCAB024F147F10036C38D /* Controllers */ = {
			isa = PBXGroup;
			children = (
				E2B6B9B524F69F0C00DE0A1E /* CategoryTableViewCell.swift */,
				E2DBCAB124F14F670036C38D /* FlashcardsViewController.swift */,
				E2DBCAAE24F147EE0036C38D /* CategoryTableViewController.swift */,
			);
			path = Controllers;
			sourceTree = "<group>";
		};
/* End PBXGroup section */

/* Begin PBXNativeTarget section */
		E2DBCA9324F1470B0036C38D /* Flashcards */ = {
			isa = PBXNativeTarget;
			buildConfigurationList = E2DBCAAB24F1470D0036C38D /* Build configuration list for PBXNativeTarget "Flashcards" */;
			buildPhases = (
				832220756A9F1F4B7CAEEDB9 /* [CP] Check Pods Manifest.lock */,
				E2DBCA9024F1470B0036C38D /* Sources */,
				E2DBCA9124F1470B0036C38D /* Frameworks */,
				E2DBCA9224F1470B0036C38D /* Resources */,
				EB66E9CF7D33939E4B3E568F /* [CP] Embed Pods Frameworks */,
			);
			buildRules = (
			);
			dependencies = (
			);
			name = Flashcards;
			productName = Flashcards;
			productReference = E2DBCA9424F1470B0036C38D /* Flashcards.app */;
			productType = "com.apple.product-type.application";
		};
/* End PBXNativeTarget section */

/* Begin PBXProject section */
		E2DBCA8C24F1470B0036C38D /* Project object */ = {
			isa = PBXProject;
			attributes = {
				LastSwiftUpdateCheck = 1160;
				LastUpgradeCheck = 1160;
				ORGANIZATIONNAME = "Lionel Maquet";
				TargetAttributes = {
					E2DBCA9324F1470B0036C38D = {
						CreatedOnToolsVersion = 11.6;
					};
				};
			};
			buildConfigurationList = E2DBCA8F24F1470B0036C38D /* Build configuration list for PBXProject "Flashcards" */;
			compatibilityVersion = "Xcode 9.3";
			developmentRegion = en;
			hasScannedForEncodings = 0;
			knownRegions = (
				en,
				Base,
			);
			mainGroup = E2DBCA8B24F1470B0036C38D;
			productRefGroup = E2DBCA9524F1470B0036C38D /* Products */;
			projectDirPath = "";
			projectRoot = "";
			targets = (
				E2DBCA9324F1470B0036C38D /* Flashcards */,
			);
		};
/* End PBXProject section */

/* Begin PBXResourcesBuildPhase section */
		E2DBCA9224F1470B0036C38D /* Resources */ = {
			isa = PBXResourcesBuildPhase;
			buildActionMask = 2147483647;
			files = (
				E2DBCAA724F1470D0036C38D /* LaunchScreen.storyboard in Resources */,
				E2DBCAA424F1470D0036C38D /* Assets.xcassets in Resources */,
				E285375824F7D71F00EC87FF /* README.md in Resources */,
				E2B6B9BF24F6C94700DE0A1E /* BalooTamma2-Bold.ttf in Resources */,
				E2B6B9C024F6C94900DE0A1E /* BalooTamma2-ExtraBold.ttf in Resources */,
				E2B6B9C124F6C94A00DE0A1E /* BalooTamma2-Medium.ttf in Resources */,
				E2DBCA9F24F1470B0036C38D /* Main.storyboard in Resources */,
				E2B6B9C324F6C94D00DE0A1E /* BalooTamma2-SemiBold.ttf in Resources */,
				E2B6B9C224F6C94B00DE0A1E /* BalooTamma2-Regular.ttf in Resources */,
				E2B6B9B824F69F0C00DE0A1E /* CategoryTableViewCell.xib in Resources */,
			);
			runOnlyForDeploymentPostprocessing = 0;
		};
/* End PBXResourcesBuildPhase section */

/* Begin PBXShellScriptBuildPhase section */
		832220756A9F1F4B7CAEEDB9 /* [CP] Check Pods Manifest.lock */ = {
			isa = PBXShellScriptBuildPhase;
			buildActionMask = 2147483647;
			files = (
			);
			inputFileListPaths = (
			);
			inputPaths = (
				"${PODS_PODFILE_DIR_PATH}/Podfile.lock",
				"${PODS_ROOT}/Manifest.lock",
			);
			name = "[CP] Check Pods Manifest.lock";
			outputFileListPaths = (
			);
			outputPaths = (
				"$(DERIVED_FILE_DIR)/Pods-Flashcards-checkManifestLockResult.txt",
			);
			runOnlyForDeploymentPostprocessing = 0;
			shellPath = /bin/sh;
			shellScript = "diff \"${PODS_PODFILE_DIR_PATH}/Podfile.lock\" \"${PODS_ROOT}/Manifest.lock\" > /dev/null\nif [ $? != 0 ] ; then\n    # print error to STDERR\n    echo \"error: The sandbox is not in sync with the Podfile.lock. Run 'pod install' or update your CocoaPods installation.\" >&2\n    exit 1\nfi\n# This output is used by Xcode 'outputs' to avoid re-running this script phase.\necho \"SUCCESS\" > \"${SCRIPT_OUTPUT_FILE_0}\"\n";
			showEnvVarsInLog = 0;
		};
		EB66E9CF7D33939E4B3E568F /* [CP] Embed Pods Frameworks */ = {
			isa = PBXShellScriptBuildPhase;
			buildActionMask = 2147483647;
			files = (
			);
			inputFileListPaths = (
				"${PODS_ROOT}/Target Support Files/Pods-Flashcards/Pods-Flashcards-frameworks-${CONFIGURATION}-input-files.xcfilelist",
			);
			name = "[CP] Embed Pods Frameworks";
			outputFileListPaths = (
				"${PODS_ROOT}/Target Support Files/Pods-Flashcards/Pods-Flashcards-frameworks-${CONFIGURATION}-output-files.xcfilelist",
			);
			runOnlyForDeploymentPostprocessing = 0;
			shellPath = /bin/sh;
			shellScript = "\"${PODS_ROOT}/Target Support Files/Pods-Flashcards/Pods-Flashcards-frameworks.sh\"\n";
			showEnvVarsInLog = 0;
		};
/* End PBXShellScriptBuildPhase section */

/* Begin PBXSourcesBuildPhase section */
		E2DBCA9024F1470B0036C38D /* Sources */ = {
			isa = PBXSourcesBuildPhase;
			buildActionMask = 2147483647;
			files = (
				E2DBCA9824F1470B0036C38D /* AppDelegate.swift in Sources */,
				E2DBCAAF24F147EE0036C38D /* CategoryTableViewController.swift in Sources */,
				E2DBCAB224F14F670036C38D /* FlashcardsViewController.swift in Sources */,
				E2DBCA9A24F1470B0036C38D /* SceneDelegate.swift in Sources */,
				E2B6B9B724F69F0C00DE0A1E /* CategoryTableViewCell.swift in Sources */,
				E2B6B9AC24F692F800DE0A1E /* Category.swift in Sources */,
				E2B6B9B224F693B900DE0A1E /* Flashcard.swift in Sources */,
			);
			runOnlyForDeploymentPostprocessing = 0;
		};
/* End PBXSourcesBuildPhase section */

/* Begin PBXVariantGroup section */
		E2DBCA9D24F1470B0036C38D /* Main.storyboard */ = {
			isa = PBXVariantGroup;
			children = (
				E2DBCA9E24F1470B0036C38D /* Base */,
			);
			name = Main.storyboard;
			sourceTree = "<group>";
		};
		E2DBCAA524F1470D0036C38D /* LaunchScreen.storyboard */ = {
			isa = PBXVariantGroup;
			children = (
				E2DBCAA624F1470D0036C38D /* Base */,
			);
			name = LaunchScreen.storyboard;
			sourceTree = "<group>";
		};
/* End PBXVariantGroup section */

/* Begin XCBuildConfiguration section */
		E2DBCAA924F1470D0036C38D /* Debug */ = {
			isa = XCBuildConfiguration;
			buildSettings = {
				ALWAYS_SEARCH_USER_PATHS = NO;
				CLANG_ANALYZER_NONNULL = YES;
				CLANG_ANALYZER_NUMBER_OBJECT_CONVERSION = YES_AGGRESSIVE;
				CLANG_CXX_LANGUAGE_STANDARD = "gnu++14";
				CLANG_CXX_LIBRARY = "libc++";
				CLANG_ENABLE_MODULES = YES;
				CLANG_ENABLE_OBJC_ARC = YES;
				CLANG_ENABLE_OBJC_WEAK = YES;
				CLANG_WARN_BLOCK_CAPTURE_AUTORELEASING = YES;
				CLANG_WARN_BOOL_CONVERSION = YES;
				CLANG_WARN_COMMA = YES;
				CLANG_WARN_CONSTANT_CONVERSION = YES;
				CLANG_WARN_DEPRECATED_OBJC_IMPLEMENTATIONS = YES;
				CLANG_WARN_DIRECT_OBJC_ISA_USAGE = YES_ERROR;
				CLANG_WARN_DOCUMENTATION_COMMENTS = YES;
				CLANG_WARN_EMPTY_BODY = YES;
				CLANG_WARN_ENUM_CONVERSION = YES;
				CLANG_WARN_INFINITE_RECURSION = YES;
				CLANG_WARN_INT_CONVERSION = YES;
				CLANG_WARN_NON_LITERAL_NULL_CONVERSION = YES;
				CLANG_WARN_OBJC_IMPLICIT_RETAIN_SELF = YES;
				CLANG_WARN_OBJC_LITERAL_CONVERSION = YES;
				CLANG_WARN_OBJC_ROOT_CLASS = YES_ERROR;
				CLANG_WARN_RANGE_LOOP_ANALYSIS = YES;
				CLANG_WARN_STRICT_PROTOTYPES = YES;
				CLANG_WARN_SUSPICIOUS_MOVE = YES;
				CLANG_WARN_UNGUARDED_AVAILABILITY = YES_AGGRESSIVE;
				CLANG_WARN_UNREACHABLE_CODE = YES;
				CLANG_WARN__DUPLICATE_METHOD_MATCH = YES;
				COPY_PHASE_STRIP = NO;
				DEBUG_INFORMATION_FORMAT = dwarf;
				ENABLE_STRICT_OBJC_MSGSEND = YES;
				ENABLE_TESTABILITY = YES;
				GCC_C_LANGUAGE_STANDARD = gnu11;
				GCC_DYNAMIC_NO_PIC = NO;
				GCC_NO_COMMON_BLOCKS = YES;
				GCC_OPTIMIZATION_LEVEL = 0;
				GCC_PREPROCESSOR_DEFINITIONS = (
					"DEBUG=1",
					"$(inherited)",
				);
				GCC_WARN_64_TO_32_BIT_CONVERSION = YES;
				GCC_WARN_ABOUT_RETURN_TYPE = YES_ERROR;
				GCC_WARN_UNDECLARED_SELECTOR = YES;
				GCC_WARN_UNINITIALIZED_AUTOS = YES_AGGRESSIVE;
				GCC_WARN_UNUSED_FUNCTION = YES;
				GCC_WARN_UNUSED_VARIABLE = YES;
				IPHONEOS_DEPLOYMENT_TARGET = 13.6;
				MTL_ENABLE_DEBUG_INFO = INCLUDE_SOURCE;
				MTL_FAST_MATH = YES;
				ONLY_ACTIVE_ARCH = YES;
				SDKROOT = iphoneos;
				SWIFT_ACTIVE_COMPILATION_CONDITIONS = DEBUG;
				SWIFT_OPTIMIZATION_LEVEL = "-Onone";
			};
			name = Debug;
		};
		E2DBCAAA24F1470D0036C38D /* Release */ = {
			isa = XCBuildConfiguration;
			buildSettings = {
				ALWAYS_SEARCH_USER_PATHS = NO;
				CLANG_ANALYZER_NONNULL = YES;
				CLANG_ANALYZER_NUMBER_OBJECT_CONVERSION = YES_AGGRESSIVE;
				CLANG_CXX_LANGUAGE_STANDARD = "gnu++14";
				CLANG_CXX_LIBRARY = "libc++";
				CLANG_ENABLE_MODULES = YES;
				CLANG_ENABLE_OBJC_ARC = YES;
				CLANG_ENABLE_OBJC_WEAK = YES;
				CLANG_WARN_BLOCK_CAPTURE_AUTORELEASING = YES;
				CLANG_WARN_BOOL_CONVERSION = YES;
				CLANG_WARN_COMMA = YES;
				CLANG_WARN_CONSTANT_CONVERSION = YES;
				CLANG_WARN_DEPRECATED_OBJC_IMPLEMENTATIONS = YES;
				CLANG_WARN_DIRECT_OBJC_ISA_USAGE = YES_ERROR;
				CLANG_WARN_DOCUMENTATION_COMMENTS = YES;
				CLANG_WARN_EMPTY_BODY = YES;
				CLANG_WARN_ENUM_CONVERSION = YES;
				CLANG_WARN_INFINITE_RECURSION = YES;
				CLANG_WARN_INT_CONVERSION = YES;
				CLANG_WARN_NON_LITERAL_NULL_CONVERSION = YES;
				CLANG_WARN_OBJC_IMPLICIT_RETAIN_SELF = YES;
				CLANG_WARN_OBJC_LITERAL_CONVERSION = YES;
				CLANG_WARN_OBJC_ROOT_CLASS = YES_ERROR;
				CLANG_WARN_RANGE_LOOP_ANALYSIS = YES;
				CLANG_WARN_STRICT_PROTOTYPES = YES;
				CLANG_WARN_SUSPICIOUS_MOVE = YES;
				CLANG_WARN_UNGUARDED_AVAILABILITY = YES_AGGRESSIVE;
				CLANG_WARN_UNREACHABLE_CODE = YES;
				CLANG_WARN__DUPLICATE_METHOD_MATCH = YES;
				COPY_PHASE_STRIP = NO;
				DEBUG_INFORMATION_FORMAT = "dwarf-with-dsym";
				ENABLE_NS_ASSERTIONS = NO;
				ENABLE_STRICT_OBJC_MSGSEND = YES;
				GCC_C_LANGUAGE_STANDARD = gnu11;
				GCC_NO_COMMON_BLOCKS = YES;
				GCC_WARN_64_TO_32_BIT_CONVERSION = YES;
				GCC_WARN_ABOUT_RETURN_TYPE = YES_ERROR;
				GCC_WARN_UNDECLARED_SELECTOR = YES;
				GCC_WARN_UNINITIALIZED_AUTOS = YES_AGGRESSIVE;
				GCC_WARN_UNUSED_FUNCTION = YES;
				GCC_WARN_UNUSED_VARIABLE = YES;
				IPHONEOS_DEPLOYMENT_TARGET = 13.6;
				MTL_ENABLE_DEBUG_INFO = NO;
				MTL_FAST_MATH = YES;
				SDKROOT = iphoneos;
				SWIFT_COMPILATION_MODE = wholemodule;
				SWIFT_OPTIMIZATION_LEVEL = "-O";
				VALIDATE_PRODUCT = YES;
			};
			name = Release;
		};
		E2DBCAAC24F1470D0036C38D /* Debug */ = {
			isa = XCBuildConfiguration;
			baseConfigurationReference = D4F2D6426B6161B13E0CE1C1 /* Pods-Flashcards.debug.xcconfig */;
			buildSettings = {
				ASSETCATALOG_COMPILER_APPICON_NAME = AppIcon;
				CODE_SIGN_STYLE = Automatic;
				DEVELOPMENT_TEAM = 7XGL882XZ6;
				INFOPLIST_FILE = Flashcards/Info.plist;
				LD_RUNPATH_SEARCH_PATHS = (
					"$(inherited)",
					"@executable_path/Frameworks",
				);
				PRODUCT_BUNDLE_IDENTIFIER = com.lionelmaquet.Flashcards;
				PRODUCT_NAME = "$(TARGET_NAME)";
				SWIFT_VERSION = 5.0;
				TARGETED_DEVICE_FAMILY = "1,2";
			};
			name = Debug;
		};
		E2DBCAAD24F1470D0036C38D /* Release */ = {
			isa = XCBuildConfiguration;
			baseConfigurationReference = 203645B93C47B83A5D4F4FC0 /* Pods-Flashcards.release.xcconfig */;
			buildSettings = {
				ASSETCATALOG_COMPILER_APPICON_NAME = AppIcon;
				CODE_SIGN_STYLE = Automatic;
				DEVELOPMENT_TEAM = 7XGL882XZ6;
				INFOPLIST_FILE = Flashcards/Info.plist;
				LD_RUNPATH_SEARCH_PATHS = (
					"$(inherited)",
					"@executable_path/Frameworks",
				);
				PRODUCT_BUNDLE_IDENTIFIER = com.lionelmaquet.Flashcards;
				PRODUCT_NAME = "$(TARGET_NAME)";
				SWIFT_VERSION = 5.0;
				TARGETED_DEVICE_FAMILY = "1,2";
			};
			name = Release;
		};
/* End XCBuildConfiguration section */

/* Begin XCConfigurationList section */
		E2DBCA8F24F1470B0036C38D /* Build configuration list for PBXProject "Flashcards" */ = {
			isa = XCConfigurationList;
			buildConfigurations = (
				E2DBCAA924F1470D0036C38D /* Debug */,
				E2DBCAAA24F1470D0036C38D /* Release */,
			);
			defaultConfigurationIsVisible = 0;
			defaultConfigurationName = Release;
		};
		E2DBCAAB24F1470D0036C38D /* Build configuration list for PBXNativeTarget "Flashcards" */ = {
			isa = XCConfigurationList;
			buildConfigurations = (
				E2DBCAAC24F1470D0036C38D /* Debug */,
				E2DBCAAD24F1470D0036C38D /* Release */,
			);
			defaultConfigurationIsVisible = 0;
			defaultConfigurationName = Release;
		};
/* End XCConfigurationList section */
	};
	rootObject = E2DBCA8C24F1470B0036C38D /* Project object */;
}
